
Microsoft Visual Studio Solution File, Format Version 12.00
# Visual Studio Version 17
VisualStudioVersion = 17.7.34031.279
MinimumVisualStudioVersion = 10.0.40219.1
Project("{FAE04EC0-301F-11D3-BF4B-00C04F79EFBC}") = "Lab2_TriangleTesting", "Lab2_TriangleTesting.csproj", "{A17530C6-5ED9-4F9D-8191-73CD3ED00D85}"
EndProject
Project("{FAE04EC0-301F-11D3-BF4B-00C04F79EFBC}") = "Lab2_KosinovaAiTestingTriangle", "..\Lab2_KosinovaAiTestingTriangle\Lab2_KosinovaAiTestingTriangle.csproj", "{640D465A-9E4A-4748-9534-249593E7DC25}"
EndProject
Global
	GlobalSection(SolutionConfigurationPlatforms) = preSolution
		Debug|Any CPU = Debug|Any CPU
		Release|Any CPU = Release|Any CPU
	EndGlobalSection
	GlobalSection(ProjectConfigurationPlatforms) = postSolution
		{A17530C6-5ED9-4F9D-8191-73CD3ED00D85}.Debug|Any CPU.ActiveCfg = Debug|Any CPU
		{A17530C6-5ED9-4F9D-8191-73CD3ED00D85}.Debug|Any CPU.Build.0 = Debug|Any CPU
		{A17530C6-5ED9-4F9D-8191-73CD3ED00D85}.Release|Any CPU.ActiveCfg = Release|Any CPU
		{A17530C6-5ED9-4F9D-8191-73CD3ED00D85}.Release|Any CPU.Build.0 = Release|Any CPU
		{640D465A-9E4A-4748-9534-249593E7DC25}.Debug|Any CPU.ActiveCfg = Debug|Any CPU
		{640D465A-9E4A-4748-9534-249593E7DC25}.Debug|Any CPU.Build.0 = Debug|Any CPU
		{640D465A-9E4A-4748-9534-249593E7DC25}.Release|Any CPU.ActiveCfg = Release|Any CPU
		{640D465A-9E4A-4748-9534-249593E7DC25}.Release|Any CPU.Build.0 = Release|Any CPU
	EndGlobalSection
	GlobalSection(SolutionProperties) = preSolution
		HideSolutionNode = FALSE
	EndGlobalSection
	GlobalSection(ExtensibilityGlobals) = postSolution
		SolutionGuid = {3BBC709E-2E62-4335-9AA5-6A1D946B84E6}
	EndGlobalSection
EndGlobal
